
Microsoft Visual Studio Solution File, Format Version 12.00
# Visual Studio 15
VisualStudioVersion = 15.0.28307.489
MinimumVisualStudioVersion = 10.0.40219.1
Project("{FAE04EC0-301F-11D3-BF4B-00C04F79EFBC}") = "Alphabet", "Alphabet\Alphabet.csproj", "{9F727D9F-352F-4B9F-A3C4-CD5CD3755133}"
EndProject
Global
	GlobalSection(SolutionConfigurationPlatforms) = preSolution
		Debug|Any CPU = Debug|Any CPU
		Release|Any CPU = Release|Any CPU
	EndGlobalSection
	GlobalSection(ProjectConfigurationPlatforms) = postSolution
		{9F727D9F-352F-4B9F-A3C4-CD5CD3755133}.Debug|Any CPU.ActiveCfg = Debug|Any CPU
		{9F727D9F-352F-4B9F-A3C4-CD5CD3755133}.Debug|Any CPU.Build.0 = Debug|Any CPU
		{9F727D9F-352F-4B9F-A3C4-CD5CD3755133}.Release|Any CPU.ActiveCfg = Release|Any CPU
		{9F727D9F-352F-4B9F-A3C4-CD5CD3755133}.Release|Any CPU.Build.0 = Release|Any CPU
	EndGlobalSection
	GlobalSection(SolutionProperties) = preSolution
		HideSolutionNode = FALSE
	EndGlobalSection
	GlobalSection(ExtensibilityGlobals) = postSolution
		SolutionGuid = {58DDE2F3-86C7-4B18-AE7D-D0821D739D7F}
	EndGlobalSection
EndGlobal
